
Microsoft Visual Studio Solution File, Format Version 12.00
# Visual Studio Version 17
VisualStudioVersion = 17.6.33723.286
MinimumVisualStudioVersion = 10.0.40219.1
Project("{9A19103F-16F7-4668-BE54-9A1E7A4F7556}") = "MyMVCBlogProject", "MyMVCBlogProject.csproj", "{B5A6D57F-4260-4173-A8ED-FEA0E8678472}"
EndProject
Project("{FAE04EC0-301F-11D3-BF4B-00C04F79EFBC}") = "MyMVCBlogProject.Entity", "..\MyMVCBlogProject.Entity\MyMVCBlogProject.Entity.csproj", "{AC604CB6-D552-43A8-A2BC-0C8B38A045B2}"
EndProject
Project("{FAE04EC0-301F-11D3-BF4B-00C04F79EFBC}") = "MyMVCBlogProject.Data", "..\MyMVCBlogProject.Data\MyMVCBlogProject.Data.csproj", "{CF9901A4-EA53-4CF3-B66D-AD34033377D8}"
EndProject
Global
	GlobalSection(SolutionConfigurationPlatforms) = preSolution
		Debug|Any CPU = Debug|Any CPU
		Release|Any CPU = Release|Any CPU
	EndGlobalSection
	GlobalSection(ProjectConfigurationPlatforms) = postSolution
		{B5A6D57F-4260-4173-A8ED-FEA0E8678472}.Debug|Any CPU.ActiveCfg = Debug|Any CPU
		{B5A6D57F-4260-4173-A8ED-FEA0E8678472}.Debug|Any CPU.Build.0 = Debug|Any CPU
		{B5A6D57F-4260-4173-A8ED-FEA0E8678472}.Release|Any CPU.ActiveCfg = Release|Any CPU
		{B5A6D57F-4260-4173-A8ED-FEA0E8678472}.Release|Any CPU.Build.0 = Release|Any CPU
		{AC604CB6-D552-43A8-A2BC-0C8B38A045B2}.Debug|Any CPU.ActiveCfg = Debug|Any CPU
		{AC604CB6-D552-43A8-A2BC-0C8B38A045B2}.Debug|Any CPU.Build.0 = Debug|Any CPU
		{AC604CB6-D552-43A8-A2BC-0C8B38A045B2}.Release|Any CPU.ActiveCfg = Release|Any CPU
		{AC604CB6-D552-43A8-A2BC-0C8B38A045B2}.Release|Any CPU.Build.0 = Release|Any CPU
		{CF9901A4-EA53-4CF3-B66D-AD34033377D8}.Debug|Any CPU.ActiveCfg = Debug|Any CPU
		{CF9901A4-EA53-4CF3-B66D-AD34033377D8}.Debug|Any CPU.Build.0 = Debug|Any CPU
		{CF9901A4-EA53-4CF3-B66D-AD34033377D8}.Release|Any CPU.ActiveCfg = Release|Any CPU
		{CF9901A4-EA53-4CF3-B66D-AD34033377D8}.Release|Any CPU.Build.0 = Release|Any CPU
	EndGlobalSection
	GlobalSection(SolutionProperties) = preSolution
		HideSolutionNode = FALSE
	EndGlobalSection
	GlobalSection(ExtensibilityGlobals) = postSolution
		SolutionGuid = {2618546F-1DF3-4B4E-9251-D847A6D11C98}
	EndGlobalSection
EndGlobal
